github.com/ar-mokhtari/orginfo v0.0.0-20221011065523-3cd83bce7646 h1:KvcEunPjEnUbDOv7P/cok3+Tiz6pqtg84YP7ydLaCrk=
github.com/ar-mokhtari/orginfo v0.0.0-20221011065523-3cd83bce7646/go.mod h1:JnuFFSbAW7wQpISwvXUS5F3K7YzxJkR8FEKvzngo010=
github.com/dlclark/regexp2 v1.7.0 h1:7lJfhqlPssTb1WQx4yvTHN0uElPEv52sbaECrAQxjAo=
github.com/dlclark/regexp2 v1.7.0/go.mod h1:DHkYz0B9wPfa6wondMfaivmHpzrQ3v9q8cnmRbL6yW8=
golang.org/x/crypto v0.0.0-20221010152910-d6f0a8c073c2 h1:x8vtB3zMecnlqZIwJNUUpwYKYSqCz5jXbiyv0ZJJZeI=
golang.org/x/crypto v0.0.0-20221010152910-d6f0a8c073c2/go.mod h1:IxCIyHEi3zRg3s0A5j5BB6A9Jmi73HwBIUl50j+osU4=
