github.com/ar-mokhtari/orginfo-generator v0.0.0-20221010160801-8c09b8bd6704 h1:1+3tFEe6BFLi5YNNt1uska/QFGwXI2CGSC8K3W0yWTg=
github.com/ar-mokhtari/orginfo-generator v0.0.0-20221010160801-8c09b8bd6704/go.mod h1:JnuFFSbAW7wQpISwvXUS5F3K7YzxJkR8FEKvzngo010=
github.com/dlclark/regexp2 v1.7.0 h1:7lJfhqlPssTb1WQx4yvTHN0uElPEv52sbaECrAQxjAo=
github.com/dlclark/regexp2 v1.7.0/go.mod h1:DHkYz0B9wPfa6wondMfaivmHpzrQ3v9q8cnmRbL6yW8=
